
Microsoft Visual Studio Solution File, Format Version 12.00
# Visual Studio 15
VisualStudioVersion = 15.0.27703.2026
MinimumVisualStudioVersion = 10.0.40219.1
Project("{FAE04EC0-301F-11D3-BF4B-00C04F79EFBC}") = "OOPsReview", "OOPsReview\OOPsReview.csproj", "{428112EF-09E3-40EC-90E7-AB8E06E2E175}"
EndProject
Global
	GlobalSection(SolutionConfigurationPlatforms) = preSolution
		Debug|Any CPU = Debug|Any CPU
		Release|Any CPU = Release|Any CPU
	EndGlobalSection
	GlobalSection(ProjectConfigurationPlatforms) = postSolution
		{428112EF-09E3-40EC-90E7-AB8E06E2E175}.Debug|Any CPU.ActiveCfg = Debug|Any CPU
		{428112EF-09E3-40EC-90E7-AB8E06E2E175}.Debug|Any CPU.Build.0 = Debug|Any CPU
		{428112EF-09E3-40EC-90E7-AB8E06E2E175}.Release|Any CPU.ActiveCfg = Release|Any CPU
		{428112EF-09E3-40EC-90E7-AB8E06E2E175}.Release|Any CPU.Build.0 = Release|Any CPU
	EndGlobalSection
	GlobalSection(SolutionProperties) = preSolution
		HideSolutionNode = FALSE
	EndGlobalSection
	GlobalSection(ExtensibilityGlobals) = postSolution
		SolutionGuid = {D6182DD3-D0CA-49D8-BF2B-07CAE36819E6}
	EndGlobalSection
EndGlobal
