
Microsoft Visual Studio Solution File, Format Version 12.00
# Visual Studio 15
VisualStudioVersion = 15.0.27703.2026
MinimumVisualStudioVersion = 10.0.40219.1
Project("{FAE04EC0-301F-11D3-BF4B-00C04F79EFBC}") = "WebApp", "WebApp\WebApp.csproj", "{00EAF7A8-988D-4394-B202-4526FB72D249}"
EndProject
Project("{FAE04EC0-301F-11D3-BF4B-00C04F79EFBC}") = "NorthwindSystem", "NorthwindSystem\NorthwindSystem.csproj", "{32DE24F7-7281-4D44-B98C-B610FB6AD83B}"
EndProject
Project("{FAE04EC0-301F-11D3-BF4B-00C04F79EFBC}") = "Northwind.Data", "Northwind.Data\Northwind.Data.csproj", "{D0FFFFC4-38FA-4C61-8704-76CE0B37563C}"
EndProject
Global
	GlobalSection(SolutionConfigurationPlatforms) = preSolution
		Debug|Any CPU = Debug|Any CPU
		Release|Any CPU = Release|Any CPU
	EndGlobalSection
	GlobalSection(ProjectConfigurationPlatforms) = postSolution
		{00EAF7A8-988D-4394-B202-4526FB72D249}.Debug|Any CPU.ActiveCfg = Debug|Any CPU
		{00EAF7A8-988D-4394-B202-4526FB72D249}.Debug|Any CPU.Build.0 = Debug|Any CPU
		{00EAF7A8-988D-4394-B202-4526FB72D249}.Release|Any CPU.ActiveCfg = Release|Any CPU
		{00EAF7A8-988D-4394-B202-4526FB72D249}.Release|Any CPU.Build.0 = Release|Any CPU
		{32DE24F7-7281-4D44-B98C-B610FB6AD83B}.Debug|Any CPU.ActiveCfg = Debug|Any CPU
		{32DE24F7-7281-4D44-B98C-B610FB6AD83B}.Debug|Any CPU.Build.0 = Debug|Any CPU
		{32DE24F7-7281-4D44-B98C-B610FB6AD83B}.Release|Any CPU.ActiveCfg = Release|Any CPU
		{32DE24F7-7281-4D44-B98C-B610FB6AD83B}.Release|Any CPU.Build.0 = Release|Any CPU
		{D0FFFFC4-38FA-4C61-8704-76CE0B37563C}.Debug|Any CPU.ActiveCfg = Debug|Any CPU
		{D0FFFFC4-38FA-4C61-8704-76CE0B37563C}.Debug|Any CPU.Build.0 = Debug|Any CPU
		{D0FFFFC4-38FA-4C61-8704-76CE0B37563C}.Release|Any CPU.ActiveCfg = Release|Any CPU
		{D0FFFFC4-38FA-4C61-8704-76CE0B37563C}.Release|Any CPU.Build.0 = Release|Any CPU
	EndGlobalSection
	GlobalSection(SolutionProperties) = preSolution
		HideSolutionNode = FALSE
	EndGlobalSection
	GlobalSection(ExtensibilityGlobals) = postSolution
		SolutionGuid = {323D76A8-B18C-41FE-A193-012E5AFD3C6F}
	EndGlobalSection
EndGlobal
