
Microsoft Visual Studio Solution File, Format Version 12.00
# Visual Studio 15
VisualStudioVersion = 15.0.28307.168
MinimumVisualStudioVersion = 10.0.40219.1
Project("{FAE04EC0-301F-11D3-BF4B-00C04F79EFBC}") = "JenBarnsleyWebApp", "RazorSolution\JenBarnsleyWebApp.csproj", "{8989A941-D749-44FD-AC8F-15ED0FEF508D}"
EndProject
Global
	GlobalSection(SolutionConfigurationPlatforms) = preSolution
		Debug|Any CPU = Debug|Any CPU
		Release|Any CPU = Release|Any CPU
	EndGlobalSection
	GlobalSection(ProjectConfigurationPlatforms) = postSolution
		{8989A941-D749-44FD-AC8F-15ED0FEF508D}.Debug|Any CPU.ActiveCfg = Debug|Any CPU
		{8989A941-D749-44FD-AC8F-15ED0FEF508D}.Debug|Any CPU.Build.0 = Debug|Any CPU
		{8989A941-D749-44FD-AC8F-15ED0FEF508D}.Release|Any CPU.ActiveCfg = Release|Any CPU
		{8989A941-D749-44FD-AC8F-15ED0FEF508D}.Release|Any CPU.Build.0 = Release|Any CPU
	EndGlobalSection
	GlobalSection(SolutionProperties) = preSolution
		HideSolutionNode = FALSE
	EndGlobalSection
	GlobalSection(ExtensibilityGlobals) = postSolution
		SolutionGuid = {EB072AB3-CD8E-4122-A90C-793F3ADCEA4C}
	EndGlobalSection
EndGlobal
