
Microsoft Visual Studio Solution File, Format Version 12.00
# Visual Studio 15
VisualStudioVersion = 15.0.28307.489
MinimumVisualStudioVersion = 10.0.40219.1
Project("{FAE04EC0-301F-11D3-BF4B-00C04F79EFBC}") = "BigFootWebApp", "BigFootWebApp\BigFootWebApp.csproj", "{90203C89-97A6-4499-973E-B0B7E4605156}"
EndProject
Project("{FAE04EC0-301F-11D3-BF4B-00C04F79EFBC}") = "FSISSystem.JBarnsley", "FSISSystem.JBarnsley\FSISSystem.JBarnsley.csproj", "{BDDFDDD8-9E78-4958-8B4E-85538423D848}"
EndProject
Project("{FAE04EC0-301F-11D3-BF4B-00C04F79EFBC}") = "FSISSystem.JBarnsley.Data", "FSISSystem.JBarnsley.Data\FSISSystem.JBarnsley.Data.csproj", "{6FBF65C5-6E7D-4355-AC1E-E744D132B408}"
EndProject
Global
	GlobalSection(SolutionConfigurationPlatforms) = preSolution
		Debug|Any CPU = Debug|Any CPU
		Release|Any CPU = Release|Any CPU
	EndGlobalSection
	GlobalSection(ProjectConfigurationPlatforms) = postSolution
		{90203C89-97A6-4499-973E-B0B7E4605156}.Debug|Any CPU.ActiveCfg = Debug|Any CPU
		{90203C89-97A6-4499-973E-B0B7E4605156}.Debug|Any CPU.Build.0 = Debug|Any CPU
		{90203C89-97A6-4499-973E-B0B7E4605156}.Release|Any CPU.ActiveCfg = Release|Any CPU
		{90203C89-97A6-4499-973E-B0B7E4605156}.Release|Any CPU.Build.0 = Release|Any CPU
		{BDDFDDD8-9E78-4958-8B4E-85538423D848}.Debug|Any CPU.ActiveCfg = Debug|Any CPU
		{BDDFDDD8-9E78-4958-8B4E-85538423D848}.Debug|Any CPU.Build.0 = Debug|Any CPU
		{BDDFDDD8-9E78-4958-8B4E-85538423D848}.Release|Any CPU.ActiveCfg = Release|Any CPU
		{BDDFDDD8-9E78-4958-8B4E-85538423D848}.Release|Any CPU.Build.0 = Release|Any CPU
		{6FBF65C5-6E7D-4355-AC1E-E744D132B408}.Debug|Any CPU.ActiveCfg = Debug|Any CPU
		{6FBF65C5-6E7D-4355-AC1E-E744D132B408}.Debug|Any CPU.Build.0 = Debug|Any CPU
		{6FBF65C5-6E7D-4355-AC1E-E744D132B408}.Release|Any CPU.ActiveCfg = Release|Any CPU
		{6FBF65C5-6E7D-4355-AC1E-E744D132B408}.Release|Any CPU.Build.0 = Release|Any CPU
	EndGlobalSection
	GlobalSection(SolutionProperties) = preSolution
		HideSolutionNode = FALSE
	EndGlobalSection
	GlobalSection(ExtensibilityGlobals) = postSolution
		SolutionGuid = {2A1EF4C8-A37E-44BC-AC83-EEB0031C77F1}
	EndGlobalSection
EndGlobal
